
Microsoft Visual Studio Solution File, Format Version 12.00
# Visual Studio Version 17
VisualStudioVersion = 17.9.34728.123
MinimumVisualStudioVersion = 10.0.40219.1
Project("{9A19103F-16F7-4668-BE54-9A1E7A4F7556}") = "Forum.Entities", "Forum.Entities\Forum.Entities.csproj", "{7C2A5778-2C78-4CC2-89A8-A3DD19AF7335}"
EndProject
Project("{9A19103F-16F7-4668-BE54-9A1E7A4F7556}") = "Forum.Dal", "Forum.Dal\Forum.Dal.csproj", "{5C80F9E3-CD62-47D2-A2C8-B2389070D38B}"
EndProject
Project("{9A19103F-16F7-4668-BE54-9A1E7A4F7556}") = "Forum.BLL", "Forum.BLL\Forum.BLL.csproj", "{08D37826-743F-4BF0-B3AC-4744EC147D05}"
EndProject
Project("{9A19103F-16F7-4668-BE54-9A1E7A4F7556}") = "Forum.UI", "Forum.UI\Forum.UI.csproj", "{971148D3-21DE-483D-B639-2514E50CB24A}"
EndProject
Global
	GlobalSection(SolutionConfigurationPlatforms) = preSolution
		Debug|Any CPU = Debug|Any CPU
		Release|Any CPU = Release|Any CPU
	EndGlobalSection
	GlobalSection(ProjectConfigurationPlatforms) = postSolution
		{7C2A5778-2C78-4CC2-89A8-A3DD19AF7335}.Debug|Any CPU.ActiveCfg = Debug|Any CPU
		{7C2A5778-2C78-4CC2-89A8-A3DD19AF7335}.Debug|Any CPU.Build.0 = Debug|Any CPU
		{7C2A5778-2C78-4CC2-89A8-A3DD19AF7335}.Release|Any CPU.ActiveCfg = Release|Any CPU
		{7C2A5778-2C78-4CC2-89A8-A3DD19AF7335}.Release|Any CPU.Build.0 = Release|Any CPU
		{5C80F9E3-CD62-47D2-A2C8-B2389070D38B}.Debug|Any CPU.ActiveCfg = Debug|Any CPU
		{5C80F9E3-CD62-47D2-A2C8-B2389070D38B}.Debug|Any CPU.Build.0 = Debug|Any CPU
		{5C80F9E3-CD62-47D2-A2C8-B2389070D38B}.Release|Any CPU.ActiveCfg = Release|Any CPU
		{5C80F9E3-CD62-47D2-A2C8-B2389070D38B}.Release|Any CPU.Build.0 = Release|Any CPU
		{08D37826-743F-4BF0-B3AC-4744EC147D05}.Debug|Any CPU.ActiveCfg = Debug|Any CPU
		{08D37826-743F-4BF0-B3AC-4744EC147D05}.Debug|Any CPU.Build.0 = Debug|Any CPU
		{08D37826-743F-4BF0-B3AC-4744EC147D05}.Release|Any CPU.ActiveCfg = Release|Any CPU
		{08D37826-743F-4BF0-B3AC-4744EC147D05}.Release|Any CPU.Build.0 = Release|Any CPU
		{971148D3-21DE-483D-B639-2514E50CB24A}.Debug|Any CPU.ActiveCfg = Debug|Any CPU
		{971148D3-21DE-483D-B639-2514E50CB24A}.Debug|Any CPU.Build.0 = Debug|Any CPU
		{971148D3-21DE-483D-B639-2514E50CB24A}.Release|Any CPU.ActiveCfg = Release|Any CPU
		{971148D3-21DE-483D-B639-2514E50CB24A}.Release|Any CPU.Build.0 = Release|Any CPU
	EndGlobalSection
	GlobalSection(SolutionProperties) = preSolution
		HideSolutionNode = FALSE
	EndGlobalSection
	GlobalSection(ExtensibilityGlobals) = postSolution
		SolutionGuid = {F5E73521-1CD9-43A7-8D16-841439648AAD}
	EndGlobalSection
EndGlobal
